
Microsoft Visual Studio Solution File, Format Version 12.00
# Visual Studio Version 17
VisualStudioVersion = 17.0.31903.59
MinimumVisualStudioVersion = 10.0.40219.1
Project("{FAE04EC0-301F-11D3-BF4B-00C04F79EFBC}") = "Becometrica.Unsafe", "Becometrica.Unsafe\Becometrica.Unsafe.csproj", "{8FA0F893-A377-4A3A-A319-BB7D6A0BFE6C}"
EndProject
Project("{FAE04EC0-301F-11D3-BF4B-00C04F79EFBC}") = "Becometrica.Binary", "Becometrica.Binary\Becometrica.Binary.csproj", "{3A4A7705-C2CA-4BEB-A7D2-E2BEF048AEC1}"
EndProject
Project("{FAE04EC0-301F-11D3-BF4B-00C04F79EFBC}") = "Becometrica.FileFormats", "Becometrica.FileFormats\Becometrica.FileFormats.csproj", "{CAAF7B75-8A32-4E3D-81C3-3F1CD19016A3}"
EndProject
Project("{2150E333-8FDC-42A3-9474-1A3956D46DE8}") = "Tests", "Tests", "{A8FCC1FC-A2D0-40C6-A06B-2359DA7178DF}"
EndProject
Project("{FAE04EC0-301F-11D3-BF4B-00C04F79EFBC}") = "Becometrica.FileFormats.Tests", "Tests\Becometrica.FileFormats.Tests\Becometrica.FileFormats.Tests.csproj", "{CFA0A252-CF3C-4DDC-9D82-B8FEE71B074D}"
EndProject
Project("{2150E333-8FDC-42A3-9474-1A3956D46DE8}") = ".github", ".github", "{77402C7D-2577-4F9E-BB9A-F01DEFB84E3B}"
EndProject
Project("{2150E333-8FDC-42A3-9474-1A3956D46DE8}") = "workflows", "workflows", "{6718DF41-24E6-4EFF-A8A2-3E68173CFDFA}"
	ProjectSection(SolutionItems) = preProject
		.github\workflows\publish.yaml = .github\workflows\publish.yaml
	EndProjectSection
EndProject
Global
	GlobalSection(SolutionConfigurationPlatforms) = preSolution
		Debug|Any CPU = Debug|Any CPU
		Release|Any CPU = Release|Any CPU
	EndGlobalSection
	GlobalSection(SolutionProperties) = preSolution
		HideSolutionNode = FALSE
	EndGlobalSection
	GlobalSection(ProjectConfigurationPlatforms) = postSolution
		{8FA0F893-A377-4A3A-A319-BB7D6A0BFE6C}.Debug|Any CPU.ActiveCfg = Debug|Any CPU
		{8FA0F893-A377-4A3A-A319-BB7D6A0BFE6C}.Debug|Any CPU.Build.0 = Debug|Any CPU
		{8FA0F893-A377-4A3A-A319-BB7D6A0BFE6C}.Release|Any CPU.ActiveCfg = Release|Any CPU
		{8FA0F893-A377-4A3A-A319-BB7D6A0BFE6C}.Release|Any CPU.Build.0 = Release|Any CPU
		{3A4A7705-C2CA-4BEB-A7D2-E2BEF048AEC1}.Debug|Any CPU.ActiveCfg = Debug|Any CPU
		{3A4A7705-C2CA-4BEB-A7D2-E2BEF048AEC1}.Debug|Any CPU.Build.0 = Debug|Any CPU
		{3A4A7705-C2CA-4BEB-A7D2-E2BEF048AEC1}.Release|Any CPU.ActiveCfg = Release|Any CPU
		{3A4A7705-C2CA-4BEB-A7D2-E2BEF048AEC1}.Release|Any CPU.Build.0 = Release|Any CPU
		{CAAF7B75-8A32-4E3D-81C3-3F1CD19016A3}.Debug|Any CPU.ActiveCfg = Debug|Any CPU
		{CAAF7B75-8A32-4E3D-81C3-3F1CD19016A3}.Debug|Any CPU.Build.0 = Debug|Any CPU
		{CAAF7B75-8A32-4E3D-81C3-3F1CD19016A3}.Release|Any CPU.ActiveCfg = Release|Any CPU
		{CAAF7B75-8A32-4E3D-81C3-3F1CD19016A3}.Release|Any CPU.Build.0 = Release|Any CPU
		{CFA0A252-CF3C-4DDC-9D82-B8FEE71B074D}.Debug|Any CPU.ActiveCfg = Debug|Any CPU
		{CFA0A252-CF3C-4DDC-9D82-B8FEE71B074D}.Debug|Any CPU.Build.0 = Debug|Any CPU
		{CFA0A252-CF3C-4DDC-9D82-B8FEE71B074D}.Release|Any CPU.ActiveCfg = Release|Any CPU
		{CFA0A252-CF3C-4DDC-9D82-B8FEE71B074D}.Release|Any CPU.Build.0 = Release|Any CPU
	EndGlobalSection
	GlobalSection(NestedProjects) = preSolution
		{CFA0A252-CF3C-4DDC-9D82-B8FEE71B074D} = {A8FCC1FC-A2D0-40C6-A06B-2359DA7178DF}
		{6718DF41-24E6-4EFF-A8A2-3E68173CFDFA} = {77402C7D-2577-4F9E-BB9A-F01DEFB84E3B}
	EndGlobalSection
EndGlobal
